
Microsoft Visual Studio Solution File, Format Version 12.00
# Visual Studio Version 17
VisualStudioVersion = 17.0.31710.8
MinimumVisualStudioVersion = 10.0.40219.1
Project("{9A19103F-16F7-4668-BE54-9A1E7A4F7556}") = "SingleResponsibilityPrinciple", "SingleResponsibilityPrinciple\SingleResponsibilityPrinciple.csproj", "{42E1DE3E-327A-4875-860D-A8293675C44D}"
EndProject
Project("{9A19103F-16F7-4668-BE54-9A1E7A4F7556}") = "OpenClosedPrinciple", "OpenClosedPrinciple\OpenClosedPrinciple.csproj", "{00F344EA-FEE9-4360-BDD3-D10E44196D38}"
EndProject
Project("{9A19103F-16F7-4668-BE54-9A1E7A4F7556}") = "LiskovSubstitutionPrinciple", "LiskovSubstitutionPrinciple\LiskovSubstitutionPrinciple.csproj", "{0794131C-EDC4-4C4C-A825-8D58FC9D5FF8}"
EndProject
Project("{9A19103F-16F7-4668-BE54-9A1E7A4F7556}") = "InterfaceSeggregationPrinciple", "InterfaceSeggregationPrinciple\InterfaceSeggregationPrinciple.csproj", "{EED4CBA1-BD8B-4EC4-AE65-39EAFC9CACB7}"
EndProject
Project("{9A19103F-16F7-4668-BE54-9A1E7A4F7556}") = "DependencyInversionPrinciple", "DependencyInversionPrinciple\DependencyInversionPrinciple.csproj", "{5EF45415-D01B-4ACA-892C-ECA3C89BE9E0}"
EndProject
Project("{2150E333-8FDC-42A3-9474-1A3956D46DE8}") = "Builder (piecewise)", "Builder (piecewise)", "{EED5B416-D869-4B12-9C76-9C259822D9F1}"
EndProject
Project("{2150E333-8FDC-42A3-9474-1A3956D46DE8}") = "SOLID", "SOLID", "{21BD731E-424F-4256-B267-E84D8172D0C5}"
EndProject
Project("{9A19103F-16F7-4668-BE54-9A1E7A4F7556}") = "FluentBuilder", "FluentBuilder\FluentBuilder.csproj", "{C9886B95-AF10-4024-A410-53B394A2E6E8}"
EndProject
Project("{9A19103F-16F7-4668-BE54-9A1E7A4F7556}") = "FluentBuilderRecursiveGenerics", "FluentBuilderRecursiveGenerics\FluentBuilderRecursiveGenerics.csproj", "{D6EB0ED3-08B1-4549-B255-D540A97FD929}"
EndProject
Project("{9A19103F-16F7-4668-BE54-9A1E7A4F7556}") = "StepWiseBuilder", "StepWiseBuilder\StepWiseBuilder.csproj", "{8919578F-D991-41BF-8000-3161DDA17265}"
EndProject
Project("{9A19103F-16F7-4668-BE54-9A1E7A4F7556}") = "FunctionalBuilder", "FunctionalBuilder\FunctionalBuilder.csproj", "{D47338F3-184F-41AF-9D52-F20F9FE5CA70}"
EndProject
Project("{9A19103F-16F7-4668-BE54-9A1E7A4F7556}") = "FacetedBuilder", "FacetedBuilder\FacetedBuilder.csproj", "{5AF76F5B-9963-4336-9C04-1C9049C7C1E6}"
EndProject
Project("{2150E333-8FDC-42A3-9474-1A3956D46DE8}") = "Composite", "Composite", "{3D0B7610-0E79-47B1-B085-36337A21B3F4}"
EndProject
Project("{9A19103F-16F7-4668-BE54-9A1E7A4F7556}") = "CompositeGeometricShapes", "CompositeGeometricShapes\CompositeGeometricShapes.csproj", "{3F072A49-BB6A-405D-AC8A-00CFADEE8E17}"
EndProject
Project("{9A19103F-16F7-4668-BE54-9A1E7A4F7556}") = "CompositeNeuralNetwork", "CompositeNeuralNetwork\CompositeNeuralNetwork.csproj", "{0850C9C3-C0F2-4D54-8843-8D0DADAC3F7C}"
EndProject
Project("{9A19103F-16F7-4668-BE54-9A1E7A4F7556}") = "CompositeSpecification", "CompositeSpecification\CompositeSpecification.csproj", "{C5F51113-3B1A-4F55-932A-E5A0E0975132}"
EndProject
Project("{9A19103F-16F7-4668-BE54-9A1E7A4F7556}") = "CompositeCodingExcercise", "CompositeCodingExcercise\CompositeCodingExcercise.csproj", "{FB3181FB-F835-4C3A-A407-C4C2F2ED74CA}"
EndProject
Project("{2150E333-8FDC-42A3-9474-1A3956D46DE8}") = "Adapter", "Adapter", "{2E16CB0B-B363-4111-A107-885EF2E36549}"
EndProject
Global
	GlobalSection(SolutionConfigurationPlatforms) = preSolution
		Debug|Any CPU = Debug|Any CPU
		Release|Any CPU = Release|Any CPU
	EndGlobalSection
	GlobalSection(ProjectConfigurationPlatforms) = postSolution
		{42E1DE3E-327A-4875-860D-A8293675C44D}.Debug|Any CPU.ActiveCfg = Debug|Any CPU
		{42E1DE3E-327A-4875-860D-A8293675C44D}.Debug|Any CPU.Build.0 = Debug|Any CPU
		{42E1DE3E-327A-4875-860D-A8293675C44D}.Release|Any CPU.ActiveCfg = Release|Any CPU
		{42E1DE3E-327A-4875-860D-A8293675C44D}.Release|Any CPU.Build.0 = Release|Any CPU
		{00F344EA-FEE9-4360-BDD3-D10E44196D38}.Debug|Any CPU.ActiveCfg = Debug|Any CPU
		{00F344EA-FEE9-4360-BDD3-D10E44196D38}.Debug|Any CPU.Build.0 = Debug|Any CPU
		{00F344EA-FEE9-4360-BDD3-D10E44196D38}.Release|Any CPU.ActiveCfg = Release|Any CPU
		{00F344EA-FEE9-4360-BDD3-D10E44196D38}.Release|Any CPU.Build.0 = Release|Any CPU
		{0794131C-EDC4-4C4C-A825-8D58FC9D5FF8}.Debug|Any CPU.ActiveCfg = Debug|Any CPU
		{0794131C-EDC4-4C4C-A825-8D58FC9D5FF8}.Debug|Any CPU.Build.0 = Debug|Any CPU
		{0794131C-EDC4-4C4C-A825-8D58FC9D5FF8}.Release|Any CPU.ActiveCfg = Release|Any CPU
		{0794131C-EDC4-4C4C-A825-8D58FC9D5FF8}.Release|Any CPU.Build.0 = Release|Any CPU
		{EED4CBA1-BD8B-4EC4-AE65-39EAFC9CACB7}.Debug|Any CPU.ActiveCfg = Debug|Any CPU
		{EED4CBA1-BD8B-4EC4-AE65-39EAFC9CACB7}.Debug|Any CPU.Build.0 = Debug|Any CPU
		{EED4CBA1-BD8B-4EC4-AE65-39EAFC9CACB7}.Release|Any CPU.ActiveCfg = Release|Any CPU
		{EED4CBA1-BD8B-4EC4-AE65-39EAFC9CACB7}.Release|Any CPU.Build.0 = Release|Any CPU
		{5EF45415-D01B-4ACA-892C-ECA3C89BE9E0}.Debug|Any CPU.ActiveCfg = Debug|Any CPU
		{5EF45415-D01B-4ACA-892C-ECA3C89BE9E0}.Debug|Any CPU.Build.0 = Debug|Any CPU
		{5EF45415-D01B-4ACA-892C-ECA3C89BE9E0}.Release|Any CPU.ActiveCfg = Release|Any CPU
		{5EF45415-D01B-4ACA-892C-ECA3C89BE9E0}.Release|Any CPU.Build.0 = Release|Any CPU
		{C9886B95-AF10-4024-A410-53B394A2E6E8}.Debug|Any CPU.ActiveCfg = Debug|Any CPU
		{C9886B95-AF10-4024-A410-53B394A2E6E8}.Debug|Any CPU.Build.0 = Debug|Any CPU
		{C9886B95-AF10-4024-A410-53B394A2E6E8}.Release|Any CPU.ActiveCfg = Release|Any CPU
		{C9886B95-AF10-4024-A410-53B394A2E6E8}.Release|Any CPU.Build.0 = Release|Any CPU
		{D6EB0ED3-08B1-4549-B255-D540A97FD929}.Debug|Any CPU.ActiveCfg = Debug|Any CPU
		{D6EB0ED3-08B1-4549-B255-D540A97FD929}.Debug|Any CPU.Build.0 = Debug|Any CPU
		{D6EB0ED3-08B1-4549-B255-D540A97FD929}.Release|Any CPU.ActiveCfg = Release|Any CPU
		{D6EB0ED3-08B1-4549-B255-D540A97FD929}.Release|Any CPU.Build.0 = Release|Any CPU
		{8919578F-D991-41BF-8000-3161DDA17265}.Debug|Any CPU.ActiveCfg = Debug|Any CPU
		{8919578F-D991-41BF-8000-3161DDA17265}.Debug|Any CPU.Build.0 = Debug|Any CPU
		{8919578F-D991-41BF-8000-3161DDA17265}.Release|Any CPU.ActiveCfg = Release|Any CPU
		{8919578F-D991-41BF-8000-3161DDA17265}.Release|Any CPU.Build.0 = Release|Any CPU
		{D47338F3-184F-41AF-9D52-F20F9FE5CA70}.Debug|Any CPU.ActiveCfg = Debug|Any CPU
		{D47338F3-184F-41AF-9D52-F20F9FE5CA70}.Debug|Any CPU.Build.0 = Debug|Any CPU
		{D47338F3-184F-41AF-9D52-F20F9FE5CA70}.Release|Any CPU.ActiveCfg = Release|Any CPU
		{D47338F3-184F-41AF-9D52-F20F9FE5CA70}.Release|Any CPU.Build.0 = Release|Any CPU
		{5AF76F5B-9963-4336-9C04-1C9049C7C1E6}.Debug|Any CPU.ActiveCfg = Debug|Any CPU
		{5AF76F5B-9963-4336-9C04-1C9049C7C1E6}.Debug|Any CPU.Build.0 = Debug|Any CPU
		{5AF76F5B-9963-4336-9C04-1C9049C7C1E6}.Release|Any CPU.ActiveCfg = Release|Any CPU
		{5AF76F5B-9963-4336-9C04-1C9049C7C1E6}.Release|Any CPU.Build.0 = Release|Any CPU
		{3F072A49-BB6A-405D-AC8A-00CFADEE8E17}.Debug|Any CPU.ActiveCfg = Debug|Any CPU
		{3F072A49-BB6A-405D-AC8A-00CFADEE8E17}.Debug|Any CPU.Build.0 = Debug|Any CPU
		{3F072A49-BB6A-405D-AC8A-00CFADEE8E17}.Release|Any CPU.ActiveCfg = Release|Any CPU
		{3F072A49-BB6A-405D-AC8A-00CFADEE8E17}.Release|Any CPU.Build.0 = Release|Any CPU
		{0850C9C3-C0F2-4D54-8843-8D0DADAC3F7C}.Debug|Any CPU.ActiveCfg = Debug|Any CPU
		{0850C9C3-C0F2-4D54-8843-8D0DADAC3F7C}.Debug|Any CPU.Build.0 = Debug|Any CPU
		{0850C9C3-C0F2-4D54-8843-8D0DADAC3F7C}.Release|Any CPU.ActiveCfg = Release|Any CPU
		{0850C9C3-C0F2-4D54-8843-8D0DADAC3F7C}.Release|Any CPU.Build.0 = Release|Any CPU
		{C5F51113-3B1A-4F55-932A-E5A0E0975132}.Debug|Any CPU.ActiveCfg = Debug|Any CPU
		{C5F51113-3B1A-4F55-932A-E5A0E0975132}.Debug|Any CPU.Build.0 = Debug|Any CPU
		{C5F51113-3B1A-4F55-932A-E5A0E0975132}.Release|Any CPU.ActiveCfg = Release|Any CPU
		{C5F51113-3B1A-4F55-932A-E5A0E0975132}.Release|Any CPU.Build.0 = Release|Any CPU
		{FB3181FB-F835-4C3A-A407-C4C2F2ED74CA}.Debug|Any CPU.ActiveCfg = Debug|Any CPU
		{FB3181FB-F835-4C3A-A407-C4C2F2ED74CA}.Debug|Any CPU.Build.0 = Debug|Any CPU
		{FB3181FB-F835-4C3A-A407-C4C2F2ED74CA}.Release|Any CPU.ActiveCfg = Release|Any CPU
		{FB3181FB-F835-4C3A-A407-C4C2F2ED74CA}.Release|Any CPU.Build.0 = Release|Any CPU
	EndGlobalSection
	GlobalSection(SolutionProperties) = preSolution
		HideSolutionNode = FALSE
	EndGlobalSection
	GlobalSection(NestedProjects) = preSolution
		{42E1DE3E-327A-4875-860D-A8293675C44D} = {21BD731E-424F-4256-B267-E84D8172D0C5}
		{00F344EA-FEE9-4360-BDD3-D10E44196D38} = {21BD731E-424F-4256-B267-E84D8172D0C5}
		{0794131C-EDC4-4C4C-A825-8D58FC9D5FF8} = {21BD731E-424F-4256-B267-E84D8172D0C5}
		{EED4CBA1-BD8B-4EC4-AE65-39EAFC9CACB7} = {21BD731E-424F-4256-B267-E84D8172D0C5}
		{5EF45415-D01B-4ACA-892C-ECA3C89BE9E0} = {21BD731E-424F-4256-B267-E84D8172D0C5}
		{C9886B95-AF10-4024-A410-53B394A2E6E8} = {EED5B416-D869-4B12-9C76-9C259822D9F1}
		{D6EB0ED3-08B1-4549-B255-D540A97FD929} = {EED5B416-D869-4B12-9C76-9C259822D9F1}
		{8919578F-D991-41BF-8000-3161DDA17265} = {EED5B416-D869-4B12-9C76-9C259822D9F1}
		{D47338F3-184F-41AF-9D52-F20F9FE5CA70} = {EED5B416-D869-4B12-9C76-9C259822D9F1}
		{5AF76F5B-9963-4336-9C04-1C9049C7C1E6} = {EED5B416-D869-4B12-9C76-9C259822D9F1}
		{3F072A49-BB6A-405D-AC8A-00CFADEE8E17} = {3D0B7610-0E79-47B1-B085-36337A21B3F4}
		{0850C9C3-C0F2-4D54-8843-8D0DADAC3F7C} = {3D0B7610-0E79-47B1-B085-36337A21B3F4}
		{C5F51113-3B1A-4F55-932A-E5A0E0975132} = {3D0B7610-0E79-47B1-B085-36337A21B3F4}
		{FB3181FB-F835-4C3A-A407-C4C2F2ED74CA} = {3D0B7610-0E79-47B1-B085-36337A21B3F4}
	EndGlobalSection
	GlobalSection(ExtensibilityGlobals) = postSolution
		SolutionGuid = {80BC8B63-5005-4818-91CF-67AC2C4AE784}
	EndGlobalSection
EndGlobal
